// !$*UTF8*$!
{
	archiveVersion = 1;
	classes = {
	};
	objectVersion = 50;
	objects = {

/* Begin PBXBuildFile section */
		52E7599026EE242600667422 /* AppDelegate.swift in Sources */ = {isa = PBXBuildFile; fileRef = 52E7598F26EE242600667422 /* AppDelegate.swift */; };
		52E7599226EE242600667422 /* SceneDelegate.swift in Sources */ = {isa = PBXBuildFile; fileRef = 52E7599126EE242600667422 /* SceneDelegate.swift */; };
		52E7599726EE242600667422 /* Main.storyboard in Resources */ = {isa = PBXBuildFile; fileRef = 52E7599526EE242600667422 /* Main.storyboard */; };
		52E7599926EE242B00667422 /* Assets.xcassets in Resources */ = {isa = PBXBuildFile; fileRef = 52E7599826EE242B00667422 /* Assets.xcassets */; };
		52E7599C26EE242B00667422 /* LaunchScreen.storyboard in Resources */ = {isa = PBXBuildFile; fileRef = 52E7599A26EE242B00667422 /* LaunchScreen.storyboard */; };
		52E759A426EE248400667422 /* ColorsTableVC.swift in Sources */ = {isa = PBXBuildFile; fileRef = 52E759A326EE248400667422 /* ColorsTableVC.swift */; };
		52E759A626EE257E00667422 /* ColorsDetailVC.swift in Sources */ = {isa = PBXBuildFile; fileRef = 52E759A526EE257E00667422 /* ColorsDetailVC.swift */; };
		52E759A826EE2D1C00667422 /* UIColors+Ext.swift in Sources */ = {isa = PBXBuildFile; fileRef = 52E759A726EE2D1C00667422 /* UIColors+Ext.swift */; };
/* End PBXBuildFile section */

/* Begin PBXFileReference section */
		52E7598C26EE242600667422 /* RndColors.app */ = {isa = PBXFileReference; explicitFileType = wrapper.application; includeInIndex = 0; path = RndColors.app; sourceTree = BUILT_PRODUCTS_DIR; };
		52E7598F26EE242600667422 /* AppDelegate.swift */ = {isa = PBXFileReference; lastKnownFileType = sourcecode.swift; path = AppDelegate.swift; sourceTree = "<group>"; };
		52E7599126EE242600667422 /* SceneDelegate.swift */ = {isa = PBXFileReference; lastKnownFileType = sourcecode.swift; path = SceneDelegate.swift; sourceTree = "<group>"; };
		52E7599626EE242600667422 /* Base */ = {isa = PBXFileReference; lastKnownFileType = file.storyboard; name = Base; path = Base.lproj/Main.storyboard; sourceTree = "<group>"; };
		52E7599826EE242B00667422 /* Assets.xcassets */ = {isa = PBXFileReference; lastKnownFileType = folder.assetcatalog; path = Assets.xcassets; sourceTree = "<group>"; };
		52E7599B26EE242B00667422 /* Base */ = {isa = PBXFileReference; lastKnownFileType = file.storyboard; name = Base; path = Base.lproj/LaunchScreen.storyboard; sourceTree = "<group>"; };
		52E7599D26EE242B00667422 /* Info.plist */ = {isa = PBXFileReference; lastKnownFileType = text.plist.xml; path = Info.plist; sourceTree = "<group>"; };
		52E759A326EE248400667422 /* ColorsTableVC.swift */ = {isa = PBXFileReference; lastKnownFileType = sourcecode.swift; path = ColorsTableVC.swift; sourceTree = "<group>"; };
		52E759A526EE257E00667422 /* ColorsDetailVC.swift */ = {isa = PBXFileReference; lastKnownFileType = sourcecode.swift; path = ColorsDetailVC.swift; sourceTree = "<group>"; };
		52E759A726EE2D1C00667422 /* UIColors+Ext.swift */ = {isa = PBXFileReference; lastKnownFileType = sourcecode.swift; path = "UIColors+Ext.swift"; sourceTree = "<group>"; };
/* End PBXFileReference section */

/* Begin PBXFrameworksBuildPhase section */
		52E7598926EE242600667422 /* Frameworks */ = {
			isa = PBXFrameworksBuildPhase;
			buildActionMask = 2147483647;
			files = (
			);
			runOnlyForDeploymentPostprocessing = 0;
		};
/* End PBXFrameworksBuildPhase section */

/* Begin PBXGroup section */
		52E7598326EE242600667422 = {
			isa = PBXGroup;
			children = (
				52E7598E26EE242600667422 /* RndColors */,
				52E7598D26EE242600667422 /* Products */,
			);
			sourceTree = "<group>";
		};
		52E7598D26EE242600667422 /* Products */ = {
			isa = PBXGroup;
			children = (
				52E7598C26EE242600667422 /* RndColors.app */,
			);
			name = Products;
			sourceTree = "<group>";
		};
		52E7598E26EE242600667422 /* RndColors */ = {
			isa = PBXGroup;
			children = (
				52E7598F26EE242600667422 /* AppDelegate.swift */,
				52E7599126EE242600667422 /* SceneDelegate.swift */,
				52E759A326EE248400667422 /* ColorsTableVC.swift */,
				52E759A726EE2D1C00667422 /* UIColors+Ext.swift */,
				52E759A526EE257E00667422 /* ColorsDetailVC.swift */,
				52E7599526EE242600667422 /* Main.storyboard */,
				52E7599826EE242B00667422 /* Assets.xcassets */,
				52E7599A26EE242B00667422 /* LaunchScreen.storyboard */,
				52E7599D26EE242B00667422 /* Info.plist */,
			);
			path = RndColors;
			sourceTree = "<group>";
		};
/* End PBXGroup section */

/* Begin PBXNativeTarget section */
		52E7598B26EE242600667422 /* RndColors */ = {
			isa = PBXNativeTarget;
			buildConfigurationList = 52E759A026EE242B00667422 /* Build configuration list for PBXNativeTarget "RndColors" */;
			buildPhases = (
				52E7598826EE242600667422 /* Sources */,
				52E7598926EE242600667422 /* Frameworks */,
				52E7598A26EE242600667422 /* Resources */,
			);
			buildRules = (
			);
			dependencies = (
			);
			name = RndColors;
			productName = RndColors;
			productReference = 52E7598C26EE242600667422 /* RndColors.app */;
			productType = "com.apple.product-type.application";
		};
/* End PBXNativeTarget section */

/* Begin PBXProject section */
		52E7598426EE242600667422 /* Project object */ = {
			isa = PBXProject;
			attributes = {
				LastSwiftUpdateCheck = 1250;
				LastUpgradeCheck = 1250;
				TargetAttributes = {
					52E7598B26EE242600667422 = {
						CreatedOnToolsVersion = 12.5.1;
					};
				};
			};
			buildConfigurationList = 52E7598726EE242600667422 /* Build configuration list for PBXProject "RndColors" */;
			compatibilityVersion = "Xcode 9.3";
			developmentRegion = en;
			hasScannedForEncodings = 0;
			knownRegions = (
				en,
				Base,
			);
			mainGroup = 52E7598326EE242600667422;
			productRefGroup = 52E7598D26EE242600667422 /* Products */;
			projectDirPath = "";
			projectRoot = "";
			targets = (
				52E7598B26EE242600667422 /* RndColors */,
			);
		};
/* End PBXProject section */

/* Begin PBXResourcesBuildPhase section */
		52E7598A26EE242600667422 /* Resources */ = {
			isa = PBXResourcesBuildPhase;
			buildActionMask = 2147483647;
			files = (
				52E7599C26EE242B00667422 /* LaunchScreen.storyboard in Resources */,
				52E7599926EE242B00667422 /* Assets.xcassets in Resources */,
				52E7599726EE242600667422 /* Main.storyboard in Resources */,
			);
			runOnlyForDeploymentPostprocessing = 0;
		};
/* End PBXResourcesBuildPhase section */

/* Begin PBXSourcesBuildPhase section */
		52E7598826EE242600667422 /* Sources */ = {
			isa = PBXSourcesBuildPhase;
			buildActionMask = 2147483647;
			files = (
				52E759A426EE248400667422 /* ColorsTableVC.swift in Sources */,
				52E759A626EE257E00667422 /* ColorsDetailVC.swift in Sources */,
				52E7599026EE242600667422 /* AppDelegate.swift in Sources */,
				52E7599226EE242600667422 /* SceneDelegate.swift in Sources */,
				52E759A826EE2D1C00667422 /* UIColors+Ext.swift in Sources */,
			);
			runOnlyForDeploymentPostprocessing = 0;
		};
/* End PBXSourcesBuildPhase section */

/* Begin PBXVariantGroup section */
		52E7599526EE242600667422 /* Main.storyboard */ = {
			isa = PBXVariantGroup;
			children = (
				52E7599626EE242600667422 /* Base */,
			);
			name = Main.storyboard;
			sourceTree = "<group>";
		};
		52E7599A26EE242B00667422 /* LaunchScreen.storyboard */ = {
			isa = PBXVariantGroup;
			children = (
				52E7599B26EE242B00667422 /* Base */,
			);
			name = LaunchScreen.storyboard;
			sourceTree = "<group>";
		};
/* End PBXVariantGroup section */

/* Begin XCBuildConfiguration section */
		52E7599E26EE242B00667422 /* Debug */ = {
			isa = XCBuildConfiguration;
			buildSettings = {
				ALWAYS_SEARCH_USER_PATHS = NO;
				CLANG_ANALYZER_NONNULL = YES;
				CLANG_ANALYZER_NUMBER_OBJECT_CONVERSION = YES_AGGRESSIVE;
				CLANG_CXX_LANGUAGE_STANDARD = "gnu++14";
				CLANG_CXX_LIBRARY = "libc++";
				CLANG_ENABLE_MODULES = YES;
				CLANG_ENABLE_OBJC_ARC = YES;
				CLANG_ENABLE_OBJC_WEAK = YES;
				CLANG_WARN_BLOCK_CAPTURE_AUTORELEASING = YES;
				CLANG_WARN_BOOL_CONVERSION = YES;
				CLANG_WARN_COMMA = YES;
				CLANG_WARN_CONSTANT_CONVERSION = YES;
				CLANG_WARN_DEPRECATED_OBJC_IMPLEMENTATIONS = YES;
				CLANG_WARN_DIRECT_OBJC_ISA_USAGE = YES_ERROR;
				CLANG_WARN_DOCUMENTATION_COMMENTS = YES;
				CLANG_WARN_EMPTY_BODY = YES;
				CLANG_WARN_ENUM_CONVERSION = YES;
				CLANG_WARN_INFINITE_RECURSION = YES;
				CLANG_WARN_INT_CONVERSION = YES;
				CLANG_WARN_NON_LITERAL_NULL_CONVERSION = YES;
				CLANG_WARN_OBJC_IMPLICIT_RETAIN_SELF = YES;
				CLANG_WARN_OBJC_LITERAL_CONVERSION = YES;
				CLANG_WARN_OBJC_ROOT_CLASS = YES_ERROR;
				CLANG_WARN_QUOTED_INCLUDE_IN_FRAMEWORK_HEADER = YES;
				CLANG_WARN_RANGE_LOOP_ANALYSIS = YES;
				CLANG_WARN_STRICT_PROTOTYPES = YES;
				CLANG_WARN_SUSPICIOUS_MOVE = YES;
				CLANG_WARN_UNGUARDED_AVAILABILITY = YES_AGGRESSIVE;
				CLANG_WARN_UNREACHABLE_CODE = YES;
				CLANG_WARN__DUPLICATE_METHOD_MATCH = YES;
				COPY_PHASE_STRIP = NO;
				DEBUG_INFORMATION_FORMAT = dwarf;
				ENABLE_STRICT_OBJC_MSGSEND = YES;
				ENABLE_TESTABILITY = YES;
				GCC_C_LANGUAGE_STANDARD = gnu11;
				GCC_DYNAMIC_NO_PIC = NO;
				GCC_NO_COMMON_BLOCKS = YES;
				GCC_OPTIMIZATION_LEVEL = 0;
				GCC_PREPROCESSOR_DEFINITIONS = (
					"DEBUG=1",
					"$(inherited)",
				);
				GCC_WARN_64_TO_32_BIT_CONVERSION = YES;
				GCC_WARN_ABOUT_RETURN_TYPE = YES_ERROR;
				GCC_WARN_UNDECLARED_SELECTOR = YES;
				GCC_WARN_UNINITIALIZED_AUTOS = YES_AGGRESSIVE;
				GCC_WARN_UNUSED_FUNCTION = YES;
				GCC_WARN_UNUSED_VARIABLE = YES;
				IPHONEOS_DEPLOYMENT_TARGET = 14.5;
				MTL_ENABLE_DEBUG_INFO = INCLUDE_SOURCE;
				MTL_FAST_MATH = YES;
				ONLY_ACTIVE_ARCH = YES;
				SDKROOT = iphoneos;
				SWIFT_ACTIVE_COMPILATION_CONDITIONS = DEBUG;
				SWIFT_OPTIMIZATION_LEVEL = "-Onone";
			};
			name = Debug;
		};
		52E7599F26EE242B00667422 /* Release */ = {
			isa = XCBuildConfiguration;
			buildSettings = {
				ALWAYS_SEARCH_USER_PATHS = NO;
				CLANG_ANALYZER_NONNULL = YES;
				CLANG_ANALYZER_NUMBER_OBJECT_CONVERSION = YES_AGGRESSIVE;
				CLANG_CXX_LANGUAGE_STANDARD = "gnu++14";
				CLANG_CXX_LIBRARY = "libc++";
				CLANG_ENABLE_MODULES = YES;
				CLANG_ENABLE_OBJC_ARC = YES;
				CLANG_ENABLE_OBJC_WEAK = YES;
				CLANG_WARN_BLOCK_CAPTURE_AUTORELEASING = YES;
				CLANG_WARN_BOOL_CONVERSION = YES;
				CLANG_WARN_COMMA = YES;
				CLANG_WARN_CONSTANT_CONVERSION = YES;
				CLANG_WARN_DEPRECATED_OBJC_IMPLEMENTATIONS = YES;
				CLANG_WARN_DIRECT_OBJC_ISA_USAGE = YES_ERROR;
				CLANG_WARN_DOCUMENTATION_COMMENTS = YES;
				CLANG_WARN_EMPTY_BODY = YES;
				CLANG_WARN_ENUM_CONVERSION = YES;
				CLANG_WARN_INFINITE_RECURSION = YES;
				CLANG_WARN_INT_CONVERSION = YES;
				CLANG_WARN_NON_LITERAL_NULL_CONVERSION = YES;
				CLANG_WARN_OBJC_IMPLICIT_RETAIN_SELF = YES;
				CLANG_WARN_OBJC_LITERAL_CONVERSION = YES;
				CLANG_WARN_OBJC_ROOT_CLASS = YES_ERROR;
				CLANG_WARN_QUOTED_INCLUDE_IN_FRAMEWORK_HEADER = YES;
				CLANG_WARN_RANGE_LOOP_ANALYSIS = YES;
				CLANG_WARN_STRICT_PROTOTYPES = YES;
				CLANG_WARN_SUSPICIOUS_MOVE = YES;
				CLANG_WARN_UNGUARDED_AVAILABILITY = YES_AGGRESSIVE;
				CLANG_WARN_UNREACHABLE_CODE = YES;
				CLANG_WARN__DUPLICATE_METHOD_MATCH = YES;
				COPY_PHASE_STRIP = NO;
				DEBUG_INFORMATION_FORMAT = "dwarf-with-dsym";
				ENABLE_NS_ASSERTIONS = NO;
				ENABLE_STRICT_OBJC_MSGSEND = YES;
				GCC_C_LANGUAGE_STANDARD = gnu11;
				GCC_NO_COMMON_BLOCKS = YES;
				GCC_WARN_64_TO_32_BIT_CONVERSION = YES;
				GCC_WARN_ABOUT_RETURN_TYPE = YES_ERROR;
				GCC_WARN_UNDECLARED_SELECTOR = YES;
				GCC_WARN_UNINITIALIZED_AUTOS = YES_AGGRESSIVE;
				GCC_WARN_UNUSED_FUNCTION = YES;
				GCC_WARN_UNUSED_VARIABLE = YES;
				IPHONEOS_DEPLOYMENT_TARGET = 14.5;
				MTL_ENABLE_DEBUG_INFO = NO;
				MTL_FAST_MATH = YES;
				SDKROOT = iphoneos;
				SWIFT_COMPILATION_MODE = wholemodule;
				SWIFT_OPTIMIZATION_LEVEL = "-O";
				VALIDATE_PRODUCT = YES;
			};
			name = Release;
		};
		52E759A126EE242B00667422 /* Debug */ = {
			isa = XCBuildConfiguration;
			buildSettings = {
				ASSETCATALOG_COMPILER_APPICON_NAME = AppIcon;
				ASSETCATALOG_COMPILER_GLOBAL_ACCENT_COLOR_NAME = AccentColor;
				CODE_SIGN_STYLE = Automatic;
				DEVELOPMENT_TEAM = DJ96W3YJSQ;
				INFOPLIST_FILE = RndColors/Info.plist;
				LD_RUNPATH_SEARCH_PATHS = (
					"$(inherited)",
					"@executable_path/Frameworks",
				);
				PRODUCT_BUNDLE_IDENTIFIER = Ezachari.RndColors;
				PRODUCT_NAME = "$(TARGET_NAME)";
				SWIFT_VERSION = 5.0;
				TARGETED_DEVICE_FAMILY = "1,2";
			};
			name = Debug;
		};
		52E759A226EE242B00667422 /* Release */ = {
			isa = XCBuildConfiguration;
			buildSettings = {
				ASSETCATALOG_COMPILER_APPICON_NAME = AppIcon;
				ASSETCATALOG_COMPILER_GLOBAL_ACCENT_COLOR_NAME = AccentColor;
				CODE_SIGN_STYLE = Automatic;
				DEVELOPMENT_TEAM = DJ96W3YJSQ;
				INFOPLIST_FILE = RndColors/Info.plist;
				LD_RUNPATH_SEARCH_PATHS = (
					"$(inherited)",
					"@executable_path/Frameworks",
				);
				PRODUCT_BUNDLE_IDENTIFIER = Ezachari.RndColors;
				PRODUCT_NAME = "$(TARGET_NAME)";
				SWIFT_VERSION = 5.0;
				TARGETED_DEVICE_FAMILY = "1,2";
			};
			name = Release;
		};
/* End XCBuildConfiguration section */

/* Begin XCConfigurationList section */
		52E7598726EE242600667422 /* Build configuration list for PBXProject "RndColors" */ = {
			isa = XCConfigurationList;
			buildConfigurations = (
				52E7599E26EE242B00667422 /* Debug */,
				52E7599F26EE242B00667422 /* Release */,
			);
			defaultConfigurationIsVisible = 0;
			defaultConfigurationName = Release;
		};
		52E759A026EE242B00667422 /* Build configuration list for PBXNativeTarget "RndColors" */ = {
			isa = XCConfigurationList;
			buildConfigurations = (
				52E759A126EE242B00667422 /* Debug */,
				52E759A226EE242B00667422 /* Release */,
			);
			defaultConfigurationIsVisible = 0;
			defaultConfigurationName = Release;
		};
/* End XCConfigurationList section */
	};
	rootObject = 52E7598426EE242600667422 /* Project object */;
}
